
Microsoft Visual Studio Solution File, Format Version 12.00
# Visual Studio Version 16
VisualStudioVersion = 16.0.30320.27
MinimumVisualStudioVersion = 10.0.40219.1
Project("{FAE04EC0-301F-11D3-BF4B-00C04F79EFBC}") = "MusicPlayer", "MusicPlayer\MusicPlayer.csproj", "{B4D5A8A9-D0A0-4FC7-852D-69FD13CB38CC}"
EndProject
Global
	GlobalSection(SolutionConfigurationPlatforms) = preSolution
		Debug|Any CPU = Debug|Any CPU
		Release|Any CPU = Release|Any CPU
	EndGlobalSection
	GlobalSection(ProjectConfigurationPlatforms) = postSolution
		{B4D5A8A9-D0A0-4FC7-852D-69FD13CB38CC}.Debug|Any CPU.ActiveCfg = Debug|Any CPU
		{B4D5A8A9-D0A0-4FC7-852D-69FD13CB38CC}.Debug|Any CPU.Build.0 = Debug|Any CPU
		{B4D5A8A9-D0A0-4FC7-852D-69FD13CB38CC}.Release|Any CPU.ActiveCfg = Release|Any CPU
		{B4D5A8A9-D0A0-4FC7-852D-69FD13CB38CC}.Release|Any CPU.Build.0 = Release|Any CPU
	EndGlobalSection
	GlobalSection(SolutionProperties) = preSolution
		HideSolutionNode = FALSE
	EndGlobalSection
	GlobalSection(ExtensibilityGlobals) = postSolution
		SolutionGuid = {CC484DFB-1A52-4CE9-A8EA-D09535FBBB90}
	EndGlobalSection
EndGlobal
